// !$*UTF8*$!
{
	archiveVersion = 1;
	classes = {
	};
	objectVersion = 56;
	objects = {

/* Begin PBXBuildFile section */
		1E7ADA492CA039890023BDAD /* WeatherDemoApp.swift in Sources */ = {isa = PBXBuildFile; fileRef = 1E7ADA482CA039890023BDAD /* WeatherDemoApp.swift */; };
		1E7ADA4B2CA039890023BDAD /* ContentView.swift in Sources */ = {isa = PBXBuildFile; fileRef = 1E7ADA4A2CA039890023BDAD /* ContentView.swift */; };
		1E7ADA4D2CA0398B0023BDAD /* Assets.xcassets in Resources */ = {isa = PBXBuildFile; fileRef = 1E7ADA4C2CA0398B0023BDAD /* Assets.xcassets */; };
		1E7ADA502CA0398B0023BDAD /* Preview Assets.xcassets in Resources */ = {isa = PBXBuildFile; fileRef = 1E7ADA4F2CA0398B0023BDAD /* Preview Assets.xcassets */; };
		1E7ADA5A2CA0398B0023BDAD /* WeatherDemoTests.swift in Sources */ = {isa = PBXBuildFile; fileRef = 1E7ADA592CA0398B0023BDAD /* WeatherDemoTests.swift */; };
		1E7ADA642CA0398B0023BDAD /* WeatherDemoUITests.swift in Sources */ = {isa = PBXBuildFile; fileRef = 1E7ADA632CA0398B0023BDAD /* WeatherDemoUITests.swift */; };
		1E7ADA662CA0398B0023BDAD /* WeatherDemoUITestsLaunchTests.swift in Sources */ = {isa = PBXBuildFile; fileRef = 1E7ADA652CA0398B0023BDAD /* WeatherDemoUITestsLaunchTests.swift */; };
		1E7ADA742CA042100023BDAD /* LocationManager.swift in Sources */ = {isa = PBXBuildFile; fileRef = 1E7ADA732CA042100023BDAD /* LocationManager.swift */; };
		1E7ADA772CA045650023BDAD /* WellcomeView.swift in Sources */ = {isa = PBXBuildFile; fileRef = 1E7ADA762CA045650023BDAD /* WellcomeView.swift */; };
		1E7ADA792CA04D240023BDAD /* LoadingView.swift in Sources */ = {isa = PBXBuildFile; fileRef = 1E7ADA782CA04D240023BDAD /* LoadingView.swift */; };
		1E7ADA7B2CA054B60023BDAD /* WeatherManager.swift in Sources */ = {isa = PBXBuildFile; fileRef = 1E7ADA7A2CA054B60023BDAD /* WeatherManager.swift */; };
		1E7ADA7F2CA05F480023BDAD /* WeatherView.swift in Sources */ = {isa = PBXBuildFile; fileRef = 1E7ADA7E2CA05F480023BDAD /* WeatherView.swift */; };
		1E7ADA812CA05FEF0023BDAD /* ModelData.swift in Sources */ = {isa = PBXBuildFile; fileRef = 1E7ADA802CA05FEF0023BDAD /* ModelData.swift */; };
		1E7ADA832CA060510023BDAD /* weatherData.json in Resources */ = {isa = PBXBuildFile; fileRef = 1E7ADA822CA060510023BDAD /* weatherData.json */; };
		1E7ADA852CA062C60023BDAD /* Extensions.swift in Sources */ = {isa = PBXBuildFile; fileRef = 1E7ADA842CA062C60023BDAD /* Extensions.swift */; };
		1E7ADA882CA06E2D0023BDAD /* WeatherRow.swift in Sources */ = {isa = PBXBuildFile; fileRef = 1E7ADA872CA06E2D0023BDAD /* WeatherRow.swift */; };
		47AADC8CE89CDF4A8BFC1BB2 /* Pods_WeatherDemo_WeatherDemoUITests.framework in Frameworks */ = {isa = PBXBuildFile; fileRef = 31AA0B7E0F08A58A7D505782 /* Pods_WeatherDemo_WeatherDemoUITests.framework */; };
		682E02F1794882E0F348D926 /* Pods_WeatherDemoTests.framework in Frameworks */ = {isa = PBXBuildFile; fileRef = F6D72743412DA8E6C8F4DAC0 /* Pods_WeatherDemoTests.framework */; };
		70CDF5966DABB99D66D2F73E /* Pods_WeatherDemo.framework in Frameworks */ = {isa = PBXBuildFile; fileRef = A4A3F195C91432F6A9CD970E /* Pods_WeatherDemo.framework */; };
/* End PBXBuildFile section */

/* Begin PBXContainerItemProxy section */
		1E7ADA562CA0398B0023BDAD /* PBXContainerItemProxy */ = {
			isa = PBXContainerItemProxy;
			containerPortal = 1E7ADA3D2CA039890023BDAD /* Project object */;
			proxyType = 1;
			remoteGlobalIDString = 1E7ADA442CA039890023BDAD;
			remoteInfo = WeatherDemo;
		};
		1E7ADA602CA0398B0023BDAD /* PBXContainerItemProxy */ = {
			isa = PBXContainerItemProxy;
			containerPortal = 1E7ADA3D2CA039890023BDAD /* Project object */;
			proxyType = 1;
			remoteGlobalIDString = 1E7ADA442CA039890023BDAD;
			remoteInfo = WeatherDemo;
		};
/* End PBXContainerItemProxy section */

/* Begin PBXFileReference section */
		1E7ADA452CA039890023BDAD /* WeatherDemo.app */ = {isa = PBXFileReference; explicitFileType = wrapper.application; includeInIndex = 0; path = WeatherDemo.app; sourceTree = BUILT_PRODUCTS_DIR; };
		1E7ADA482CA039890023BDAD /* WeatherDemoApp.swift */ = {isa = PBXFileReference; lastKnownFileType = sourcecode.swift; path = WeatherDemoApp.swift; sourceTree = "<group>"; };
		1E7ADA4A2CA039890023BDAD /* ContentView.swift */ = {isa = PBXFileReference; lastKnownFileType = sourcecode.swift; path = ContentView.swift; sourceTree = "<group>"; };
		1E7ADA4C2CA0398B0023BDAD /* Assets.xcassets */ = {isa = PBXFileReference; lastKnownFileType = folder.assetcatalog; path = Assets.xcassets; sourceTree = "<group>"; };
		1E7ADA4F2CA0398B0023BDAD /* Preview Assets.xcassets */ = {isa = PBXFileReference; lastKnownFileType = folder.assetcatalog; path = "Preview Assets.xcassets"; sourceTree = "<group>"; };
		1E7ADA552CA0398B0023BDAD /* WeatherDemoTests.xctest */ = {isa = PBXFileReference; explicitFileType = wrapper.cfbundle; includeInIndex = 0; path = WeatherDemoTests.xctest; sourceTree = BUILT_PRODUCTS_DIR; };
		1E7ADA592CA0398B0023BDAD /* WeatherDemoTests.swift */ = {isa = PBXFileReference; lastKnownFileType = sourcecode.swift; path = WeatherDemoTests.swift; sourceTree = "<group>"; };
		1E7ADA5F2CA0398B0023BDAD /* WeatherDemoUITests.xctest */ = {isa = PBXFileReference; explicitFileType = wrapper.cfbundle; includeInIndex = 0; path = WeatherDemoUITests.xctest; sourceTree = BUILT_PRODUCTS_DIR; };
		1E7ADA632CA0398B0023BDAD /* WeatherDemoUITests.swift */ = {isa = PBXFileReference; lastKnownFileType = sourcecode.swift; path = WeatherDemoUITests.swift; sourceTree = "<group>"; };
		1E7ADA652CA0398B0023BDAD /* WeatherDemoUITestsLaunchTests.swift */ = {isa = PBXFileReference; lastKnownFileType = sourcecode.swift; path = WeatherDemoUITestsLaunchTests.swift; sourceTree = "<group>"; };
		1E7ADA732CA042100023BDAD /* LocationManager.swift */ = {isa = PBXFileReference; lastKnownFileType = sourcecode.swift; path = LocationManager.swift; sourceTree = "<group>"; };
		1E7ADA762CA045650023BDAD /* WellcomeView.swift */ = {isa = PBXFileReference; lastKnownFileType = sourcecode.swift; path = WellcomeView.swift; sourceTree = "<group>"; };
		1E7ADA782CA04D240023BDAD /* LoadingView.swift */ = {isa = PBXFileReference; lastKnownFileType = sourcecode.swift; path = LoadingView.swift; sourceTree = "<group>"; };
		1E7ADA7A2CA054B60023BDAD /* WeatherManager.swift */ = {isa = PBXFileReference; lastKnownFileType = sourcecode.swift; path = WeatherManager.swift; sourceTree = "<group>"; };
		1E7ADA7E2CA05F480023BDAD /* WeatherView.swift */ = {isa = PBXFileReference; lastKnownFileType = sourcecode.swift; path = WeatherView.swift; sourceTree = "<group>"; };
		1E7ADA802CA05FEF0023BDAD /* ModelData.swift */ = {isa = PBXFileReference; lastKnownFileType = sourcecode.swift; path = ModelData.swift; sourceTree = "<group>"; };
		1E7ADA822CA060510023BDAD /* weatherData.json */ = {isa = PBXFileReference; lastKnownFileType = text.json; path = weatherData.json; sourceTree = "<group>"; };
		1E7ADA842CA062C60023BDAD /* Extensions.swift */ = {isa = PBXFileReference; lastKnownFileType = sourcecode.swift; path = Extensions.swift; sourceTree = "<group>"; };
		1E7ADA872CA06E2D0023BDAD /* WeatherRow.swift */ = {isa = PBXFileReference; lastKnownFileType = sourcecode.swift; path = WeatherRow.swift; sourceTree = "<group>"; };
		2B2C9EE9FB823CDB90B34AE6 /* Pods-WeatherDemo-WeatherDemoUITests.debug.xcconfig */ = {isa = PBXFileReference; includeInIndex = 1; lastKnownFileType = text.xcconfig; name = "Pods-WeatherDemo-WeatherDemoUITests.debug.xcconfig"; path = "Target Support Files/Pods-WeatherDemo-WeatherDemoUITests/Pods-WeatherDemo-WeatherDemoUITests.debug.xcconfig"; sourceTree = "<group>"; };
		2FA8912CBEB6C9D3562C175F /* Pods-WeatherDemo-WeatherDemoUITests.release.xcconfig */ = {isa = PBXFileReference; includeInIndex = 1; lastKnownFileType = text.xcconfig; name = "Pods-WeatherDemo-WeatherDemoUITests.release.xcconfig"; path = "Target Support Files/Pods-WeatherDemo-WeatherDemoUITests/Pods-WeatherDemo-WeatherDemoUITests.release.xcconfig"; sourceTree = "<group>"; };
		31AA0B7E0F08A58A7D505782 /* Pods_WeatherDemo_WeatherDemoUITests.framework */ = {isa = PBXFileReference; explicitFileType = wrapper.framework; includeInIndex = 0; path = Pods_WeatherDemo_WeatherDemoUITests.framework; sourceTree = BUILT_PRODUCTS_DIR; };
		7253481542A4C81C74A1C88B /* Pods-WeatherDemoTests.debug.xcconfig */ = {isa = PBXFileReference; includeInIndex = 1; lastKnownFileType = text.xcconfig; name = "Pods-WeatherDemoTests.debug.xcconfig"; path = "Target Support Files/Pods-WeatherDemoTests/Pods-WeatherDemoTests.debug.xcconfig"; sourceTree = "<group>"; };
		902922E94B99D01504A63F1C /* Pods-WeatherDemo.debug.xcconfig */ = {isa = PBXFileReference; includeInIndex = 1; lastKnownFileType = text.xcconfig; name = "Pods-WeatherDemo.debug.xcconfig"; path = "Target Support Files/Pods-WeatherDemo/Pods-WeatherDemo.debug.xcconfig"; sourceTree = "<group>"; };
		A4A3F195C91432F6A9CD970E /* Pods_WeatherDemo.framework */ = {isa = PBXFileReference; explicitFileType = wrapper.framework; includeInIndex = 0; path = Pods_WeatherDemo.framework; sourceTree = BUILT_PRODUCTS_DIR; };
		C333138639CD97D98AC0F0C1 /* Pods-WeatherDemoTests.release.xcconfig */ = {isa = PBXFileReference; includeInIndex = 1; lastKnownFileType = text.xcconfig; name = "Pods-WeatherDemoTests.release.xcconfig"; path = "Target Support Files/Pods-WeatherDemoTests/Pods-WeatherDemoTests.release.xcconfig"; sourceTree = "<group>"; };
		EC29ECEDA8FB58A708DA5FFD /* Pods-WeatherDemo.release.xcconfig */ = {isa = PBXFileReference; includeInIndex = 1; lastKnownFileType = text.xcconfig; name = "Pods-WeatherDemo.release.xcconfig"; path = "Target Support Files/Pods-WeatherDemo/Pods-WeatherDemo.release.xcconfig"; sourceTree = "<group>"; };
		F6D72743412DA8E6C8F4DAC0 /* Pods_WeatherDemoTests.framework */ = {isa = PBXFileReference; explicitFileType = wrapper.framework; includeInIndex = 0; path = Pods_WeatherDemoTests.framework; sourceTree = BUILT_PRODUCTS_DIR; };
/* End PBXFileReference section */

/* Begin PBXFrameworksBuildPhase section */
		1E7ADA422CA039890023BDAD /* Frameworks */ = {
			isa = PBXFrameworksBuildPhase;
			buildActionMask = 2147483647;
			files = (
				70CDF5966DABB99D66D2F73E /* Pods_WeatherDemo.framework in Frameworks */,
			);
			runOnlyForDeploymentPostprocessing = 0;
		};
		1E7ADA522CA0398B0023BDAD /* Frameworks */ = {
			isa = PBXFrameworksBuildPhase;
			buildActionMask = 2147483647;
			files = (
				682E02F1794882E0F348D926 /* Pods_WeatherDemoTests.framework in Frameworks */,
			);
			runOnlyForDeploymentPostprocessing = 0;
		};
		1E7ADA5C2CA0398B0023BDAD /* Frameworks */ = {
			isa = PBXFrameworksBuildPhase;
			buildActionMask = 2147483647;
			files = (
				47AADC8CE89CDF4A8BFC1BB2 /* Pods_WeatherDemo_WeatherDemoUITests.framework in Frameworks */,
			);
			runOnlyForDeploymentPostprocessing = 0;
		};
/* End PBXFrameworksBuildPhase section */

/* Begin PBXGroup section */
		1E7ADA3C2CA039890023BDAD = {
			isa = PBXGroup;
			children = (
				1E7ADA472CA039890023BDAD /* WeatherDemo */,
				1E7ADA582CA0398B0023BDAD /* WeatherDemoTests */,
				1E7ADA622CA0398B0023BDAD /* WeatherDemoUITests */,
				1E7ADA462CA039890023BDAD /* Products */,
				DB55001377BA123477F9F624 /* Pods */,
				67E77D4190AA02111EA51C17 /* Frameworks */,
			);
			sourceTree = "<group>";
		};
		1E7ADA462CA039890023BDAD /* Products */ = {
			isa = PBXGroup;
			children = (
				1E7ADA452CA039890023BDAD /* WeatherDemo.app */,
				1E7ADA552CA0398B0023BDAD /* WeatherDemoTests.xctest */,
				1E7ADA5F2CA0398B0023BDAD /* WeatherDemoUITests.xctest */,
			);
			name = Products;
			sourceTree = "<group>";
		};
		1E7ADA472CA039890023BDAD /* WeatherDemo */ = {
			isa = PBXGroup;
			children = (
				1E7ADA862CA06E0D0023BDAD /* components */,
				1E7ADA722CA041EA0023BDAD /* manager */,
				1E7ADA482CA039890023BDAD /* WeatherDemoApp.swift */,
				1E7ADA752CA044B50023BDAD /* views */,
				1E7ADA4C2CA0398B0023BDAD /* Assets.xcassets */,
				1E7ADA4E2CA0398B0023BDAD /* Preview Content */,
				1E7ADA842CA062C60023BDAD /* Extensions.swift */,
			);
			path = WeatherDemo;
			sourceTree = "<group>";
		};
		1E7ADA4E2CA0398B0023BDAD /* Preview Content */ = {
			isa = PBXGroup;
			children = (
				1E7ADA4F2CA0398B0023BDAD /* Preview Assets.xcassets */,
				1E7ADA802CA05FEF0023BDAD /* ModelData.swift */,
				1E7ADA822CA060510023BDAD /* weatherData.json */,
			);
			path = "Preview Content";
			sourceTree = "<group>";
		};
		1E7ADA582CA0398B0023BDAD /* WeatherDemoTests */ = {
			isa = PBXGroup;
			children = (
				1E7ADA592CA0398B0023BDAD /* WeatherDemoTests.swift */,
			);
			path = WeatherDemoTests;
			sourceTree = "<group>";
		};
		1E7ADA622CA0398B0023BDAD /* WeatherDemoUITests */ = {
			isa = PBXGroup;
			children = (
				1E7ADA632CA0398B0023BDAD /* WeatherDemoUITests.swift */,
				1E7ADA652CA0398B0023BDAD /* WeatherDemoUITestsLaunchTests.swift */,
			);
			path = WeatherDemoUITests;
			sourceTree = "<group>";
		};
		1E7ADA722CA041EA0023BDAD /* manager */ = {
			isa = PBXGroup;
			children = (
				1E7ADA732CA042100023BDAD /* LocationManager.swift */,
				1E7ADA7A2CA054B60023BDAD /* WeatherManager.swift */,
			);
			path = manager;
			sourceTree = "<group>";
		};
		1E7ADA752CA044B50023BDAD /* views */ = {
			isa = PBXGroup;
			children = (
				1E7ADA4A2CA039890023BDAD /* ContentView.swift */,
				1E7ADA762CA045650023BDAD /* WellcomeView.swift */,
				1E7ADA782CA04D240023BDAD /* LoadingView.swift */,
				1E7ADA7E2CA05F480023BDAD /* WeatherView.swift */,
			);
			path = views;
			sourceTree = "<group>";
		};
		1E7ADA862CA06E0D0023BDAD /* components */ = {
			isa = PBXGroup;
			children = (
				1E7ADA872CA06E2D0023BDAD /* WeatherRow.swift */,
			);
			path = components;
			sourceTree = "<group>";
		};
		67E77D4190AA02111EA51C17 /* Frameworks */ = {
			isa = PBXGroup;
			children = (
				A4A3F195C91432F6A9CD970E /* Pods_WeatherDemo.framework */,
				31AA0B7E0F08A58A7D505782 /* Pods_WeatherDemo_WeatherDemoUITests.framework */,
				F6D72743412DA8E6C8F4DAC0 /* Pods_WeatherDemoTests.framework */,
			);
			name = Frameworks;
			sourceTree = "<group>";
		};
		DB55001377BA123477F9F624 /* Pods */ = {
			isa = PBXGroup;
			children = (
				902922E94B99D01504A63F1C /* Pods-WeatherDemo.debug.xcconfig */,
				EC29ECEDA8FB58A708DA5FFD /* Pods-WeatherDemo.release.xcconfig */,
				2B2C9EE9FB823CDB90B34AE6 /* Pods-WeatherDemo-WeatherDemoUITests.debug.xcconfig */,
				2FA8912CBEB6C9D3562C175F /* Pods-WeatherDemo-WeatherDemoUITests.release.xcconfig */,
				7253481542A4C81C74A1C88B /* Pods-WeatherDemoTests.debug.xcconfig */,
				C333138639CD97D98AC0F0C1 /* Pods-WeatherDemoTests.release.xcconfig */,
			);
			name = Pods;
			path = Pods;
			sourceTree = "<group>";
		};
/* End PBXGroup section */

/* Begin PBXNativeTarget section */
		1E7ADA442CA039890023BDAD /* WeatherDemo */ = {
			isa = PBXNativeTarget;
			buildConfigurationList = 1E7ADA692CA0398B0023BDAD /* Build configuration list for PBXNativeTarget "WeatherDemo" */;
			buildPhases = (
				C966DEE8E54C7012AABAD421 /* [CP] Check Pods Manifest.lock */,
				1E7ADA412CA039890023BDAD /* Sources */,
				1E7ADA422CA039890023BDAD /* Frameworks */,
				1E7ADA432CA039890023BDAD /* Resources */,
				070817566AD8E70D9693EE42 /* [CP] Embed Pods Frameworks */,
			);
			buildRules = (
			);
			dependencies = (
			);
			name = WeatherDemo;
			productName = WeatherDemo;
			productReference = 1E7ADA452CA039890023BDAD /* WeatherDemo.app */;
			productType = "com.apple.product-type.application";
		};
		1E7ADA542CA0398B0023BDAD /* WeatherDemoTests */ = {
			isa = PBXNativeTarget;
			buildConfigurationList = 1E7ADA6C2CA0398B0023BDAD /* Build configuration list for PBXNativeTarget "WeatherDemoTests" */;
			buildPhases = (
				22357BFFC0ACDD0C10CDF427 /* [CP] Check Pods Manifest.lock */,
				1E7ADA512CA0398B0023BDAD /* Sources */,
				1E7ADA522CA0398B0023BDAD /* Frameworks */,
				1E7ADA532CA0398B0023BDAD /* Resources */,
			);
			buildRules = (
			);
			dependencies = (
				1E7ADA572CA0398B0023BDAD /* PBXTargetDependency */,
			);
			name = WeatherDemoTests;
			productName = WeatherDemoTests;
			productReference = 1E7ADA552CA0398B0023BDAD /* WeatherDemoTests.xctest */;
			productType = "com.apple.product-type.bundle.unit-test";
		};
		1E7ADA5E2CA0398B0023BDAD /* WeatherDemoUITests */ = {
			isa = PBXNativeTarget;
			buildConfigurationList = 1E7ADA6F2CA0398B0023BDAD /* Build configuration list for PBXNativeTarget "WeatherDemoUITests" */;
			buildPhases = (
				75552EE3276B139B9B950EFB /* [CP] Check Pods Manifest.lock */,
				1E7ADA5B2CA0398B0023BDAD /* Sources */,
				1E7ADA5C2CA0398B0023BDAD /* Frameworks */,
				1E7ADA5D2CA0398B0023BDAD /* Resources */,
				7D30E4FDF08C2CAB2BD652BB /* [CP] Embed Pods Frameworks */,
			);
			buildRules = (
			);
			dependencies = (
				1E7ADA612CA0398B0023BDAD /* PBXTargetDependency */,
			);
			name = WeatherDemoUITests;
			productName = WeatherDemoUITests;
			productReference = 1E7ADA5F2CA0398B0023BDAD /* WeatherDemoUITests.xctest */;
			productType = "com.apple.product-type.bundle.ui-testing";
		};
/* End PBXNativeTarget section */

/* Begin PBXProject section */
		1E7ADA3D2CA039890023BDAD /* Project object */ = {
			isa = PBXProject;
			attributes = {
				BuildIndependentTargetsInParallel = 1;
				LastSwiftUpdateCheck = 1540;
				LastUpgradeCheck = 1540;
				TargetAttributes = {
					1E7ADA442CA039890023BDAD = {
						CreatedOnToolsVersion = 15.4;
					};
					1E7ADA542CA0398B0023BDAD = {
						CreatedOnToolsVersion = 15.4;
						TestTargetID = 1E7ADA442CA039890023BDAD;
					};
					1E7ADA5E2CA0398B0023BDAD = {
						CreatedOnToolsVersion = 15.4;
						TestTargetID = 1E7ADA442CA039890023BDAD;
					};
				};
			};
			buildConfigurationList = 1E7ADA402CA039890023BDAD /* Build configuration list for PBXProject "WeatherDemo" */;
			compatibilityVersion = "Xcode 14.0";
			developmentRegion = en;
			hasScannedForEncodings = 0;
			knownRegions = (
				en,
				Base,
			);
			mainGroup = 1E7ADA3C2CA039890023BDAD;
			productRefGroup = 1E7ADA462CA039890023BDAD /* Products */;
			projectDirPath = "";
			projectRoot = "";
			targets = (
				1E7ADA442CA039890023BDAD /* WeatherDemo */,
				1E7ADA542CA0398B0023BDAD /* WeatherDemoTests */,
				1E7ADA5E2CA0398B0023BDAD /* WeatherDemoUITests */,
			);
		};
/* End PBXProject section */

/* Begin PBXResourcesBuildPhase section */
		1E7ADA432CA039890023BDAD /* Resources */ = {
			isa = PBXResourcesBuildPhase;
			buildActionMask = 2147483647;
			files = (
				1E7ADA502CA0398B0023BDAD /* Preview Assets.xcassets in Resources */,
				1E7ADA832CA060510023BDAD /* weatherData.json in Resources */,
				1E7ADA4D2CA0398B0023BDAD /* Assets.xcassets in Resources */,
			);
			runOnlyForDeploymentPostprocessing = 0;
		};
		1E7ADA532CA0398B0023BDAD /* Resources */ = {
			isa = PBXResourcesBuildPhase;
			buildActionMask = 2147483647;
			files = (
			);
			runOnlyForDeploymentPostprocessing = 0;
		};
		1E7ADA5D2CA0398B0023BDAD /* Resources */ = {
			isa = PBXResourcesBuildPhase;
			buildActionMask = 2147483647;
			files = (
			);
			runOnlyForDeploymentPostprocessing = 0;
		};
/* End PBXResourcesBuildPhase section */

/* Begin PBXShellScriptBuildPhase section */
		070817566AD8E70D9693EE42 /* [CP] Embed Pods Frameworks */ = {
			isa = PBXShellScriptBuildPhase;
			buildActionMask = 2147483647;
			files = (
			);
			inputFileListPaths = (
				"${PODS_ROOT}/Target Support Files/Pods-WeatherDemo/Pods-WeatherDemo-frameworks-${CONFIGURATION}-input-files.xcfilelist",
			);
			name = "[CP] Embed Pods Frameworks";
			outputFileListPaths = (
				"${PODS_ROOT}/Target Support Files/Pods-WeatherDemo/Pods-WeatherDemo-frameworks-${CONFIGURATION}-output-files.xcfilelist",
			);
			runOnlyForDeploymentPostprocessing = 0;
			shellPath = /bin/sh;
			shellScript = "\"${PODS_ROOT}/Target Support Files/Pods-WeatherDemo/Pods-WeatherDemo-frameworks.sh\"\n";
			showEnvVarsInLog = 0;
		};
		22357BFFC0ACDD0C10CDF427 /* [CP] Check Pods Manifest.lock */ = {
			isa = PBXShellScriptBuildPhase;
			buildActionMask = 2147483647;
			files = (
			);
			inputFileListPaths = (
			);
			inputPaths = (
				"${PODS_PODFILE_DIR_PATH}/Podfile.lock",
				"${PODS_ROOT}/Manifest.lock",
			);
			name = "[CP] Check Pods Manifest.lock";
			outputFileListPaths = (
			);
			outputPaths = (
				"$(DERIVED_FILE_DIR)/Pods-WeatherDemoTests-checkManifestLockResult.txt",
			);
			runOnlyForDeploymentPostprocessing = 0;
			shellPath = /bin/sh;
			shellScript = "diff \"${PODS_PODFILE_DIR_PATH}/Podfile.lock\" \"${PODS_ROOT}/Manifest.lock\" > /dev/null\nif [ $? != 0 ] ; then\n    # print error to STDERR\n    echo \"error: The sandbox is not in sync with the Podfile.lock. Run 'pod install' or update your CocoaPods installation.\" >&2\n    exit 1\nfi\n# This output is used by Xcode 'outputs' to avoid re-running this script phase.\necho \"SUCCESS\" > \"${SCRIPT_OUTPUT_FILE_0}\"\n";
			showEnvVarsInLog = 0;
		};
		75552EE3276B139B9B950EFB /* [CP] Check Pods Manifest.lock */ = {
			isa = PBXShellScriptBuildPhase;
			buildActionMask = 2147483647;
			files = (
			);
			inputFileListPaths = (
			);
			inputPaths = (
				"${PODS_PODFILE_DIR_PATH}/Podfile.lock",
				"${PODS_ROOT}/Manifest.lock",
			);
			name = "[CP] Check Pods Manifest.lock";
			outputFileListPaths = (
			);
			outputPaths = (
				"$(DERIVED_FILE_DIR)/Pods-WeatherDemo-WeatherDemoUITests-checkManifestLockResult.txt",
			);
			runOnlyForDeploymentPostprocessing = 0;
			shellPath = /bin/sh;
			shellScript = "diff \"${PODS_PODFILE_DIR_PATH}/Podfile.lock\" \"${PODS_ROOT}/Manifest.lock\" > /dev/null\nif [ $? != 0 ] ; then\n    # print error to STDERR\n    echo \"error: The sandbox is not in sync with the Podfile.lock. Run 'pod install' or update your CocoaPods installation.\" >&2\n    exit 1\nfi\n# This output is used by Xcode 'outputs' to avoid re-running this script phase.\necho \"SUCCESS\" > \"${SCRIPT_OUTPUT_FILE_0}\"\n";
			showEnvVarsInLog = 0;
		};
		7D30E4FDF08C2CAB2BD652BB /* [CP] Embed Pods Frameworks */ = {
			isa = PBXShellScriptBuildPhase;
			buildActionMask = 2147483647;
			files = (
			);
			inputFileListPaths = (
				"${PODS_ROOT}/Target Support Files/Pods-WeatherDemo-WeatherDemoUITests/Pods-WeatherDemo-WeatherDemoUITests-frameworks-${CONFIGURATION}-input-files.xcfilelist",
			);
			name = "[CP] Embed Pods Frameworks";
			outputFileListPaths = (
				"${PODS_ROOT}/Target Support Files/Pods-WeatherDemo-WeatherDemoUITests/Pods-WeatherDemo-WeatherDemoUITests-frameworks-${CONFIGURATION}-output-files.xcfilelist",
			);
			runOnlyForDeploymentPostprocessing = 0;
			shellPath = /bin/sh;
			shellScript = "\"${PODS_ROOT}/Target Support Files/Pods-WeatherDemo-WeatherDemoUITests/Pods-WeatherDemo-WeatherDemoUITests-frameworks.sh\"\n";
			showEnvVarsInLog = 0;
		};
		C966DEE8E54C7012AABAD421 /* [CP] Check Pods Manifest.lock */ = {
			isa = PBXShellScriptBuildPhase;
			buildActionMask = 2147483647;
			files = (
			);
			inputFileListPaths = (
			);
			inputPaths = (
				"${PODS_PODFILE_DIR_PATH}/Podfile.lock",
				"${PODS_ROOT}/Manifest.lock",
			);
			name = "[CP] Check Pods Manifest.lock";
			outputFileListPaths = (
			);
			outputPaths = (
				"$(DERIVED_FILE_DIR)/Pods-WeatherDemo-checkManifestLockResult.txt",
			);
			runOnlyForDeploymentPostprocessing = 0;
			shellPath = /bin/sh;
			shellScript = "diff \"${PODS_PODFILE_DIR_PATH}/Podfile.lock\" \"${PODS_ROOT}/Manifest.lock\" > /dev/null\nif [ $? != 0 ] ; then\n    # print error to STDERR\n    echo \"error: The sandbox is not in sync with the Podfile.lock. Run 'pod install' or update your CocoaPods installation.\" >&2\n    exit 1\nfi\n# This output is used by Xcode 'outputs' to avoid re-running this script phase.\necho \"SUCCESS\" > \"${SCRIPT_OUTPUT_FILE_0}\"\n";
			showEnvVarsInLog = 0;
		};
/* End PBXShellScriptBuildPhase section */

/* Begin PBXSourcesBuildPhase section */
		1E7ADA412CA039890023BDAD /* Sources */ = {
			isa = PBXSourcesBuildPhase;
			buildActionMask = 2147483647;
			files = (
				1E7ADA7B2CA054B60023BDAD /* WeatherManager.swift in Sources */,
				1E7ADA852CA062C60023BDAD /* Extensions.swift in Sources */,
				1E7ADA772CA045650023BDAD /* WellcomeView.swift in Sources */,
				1E7ADA4B2CA039890023BDAD /* ContentView.swift in Sources */,
				1E7ADA492CA039890023BDAD /* WeatherDemoApp.swift in Sources */,
				1E7ADA882CA06E2D0023BDAD /* WeatherRow.swift in Sources */,
				1E7ADA792CA04D240023BDAD /* LoadingView.swift in Sources */,
				1E7ADA812CA05FEF0023BDAD /* ModelData.swift in Sources */,
				1E7ADA7F2CA05F480023BDAD /* WeatherView.swift in Sources */,
				1E7ADA742CA042100023BDAD /* LocationManager.swift in Sources */,
			);
			runOnlyForDeploymentPostprocessing = 0;
		};
		1E7ADA512CA0398B0023BDAD /* Sources */ = {
			isa = PBXSourcesBuildPhase;
			buildActionMask = 2147483647;
			files = (
				1E7ADA5A2CA0398B0023BDAD /* WeatherDemoTests.swift in Sources */,
			);
			runOnlyForDeploymentPostprocessing = 0;
		};
		1E7ADA5B2CA0398B0023BDAD /* Sources */ = {
			isa = PBXSourcesBuildPhase;
			buildActionMask = 2147483647;
			files = (
				1E7ADA662CA0398B0023BDAD /* WeatherDemoUITestsLaunchTests.swift in Sources */,
				1E7ADA642CA0398B0023BDAD /* WeatherDemoUITests.swift in Sources */,
			);
			runOnlyForDeploymentPostprocessing = 0;
		};
/* End PBXSourcesBuildPhase section */

/* Begin PBXTargetDependency section */
		1E7ADA572CA0398B0023BDAD /* PBXTargetDependency */ = {
			isa = PBXTargetDependency;
			target = 1E7ADA442CA039890023BDAD /* WeatherDemo */;
			targetProxy = 1E7ADA562CA0398B0023BDAD /* PBXContainerItemProxy */;
		};
		1E7ADA612CA0398B0023BDAD /* PBXTargetDependency */ = {
			isa = PBXTargetDependency;
			target = 1E7ADA442CA039890023BDAD /* WeatherDemo */;
			targetProxy = 1E7ADA602CA0398B0023BDAD /* PBXContainerItemProxy */;
		};
/* End PBXTargetDependency section */

/* Begin XCBuildConfiguration section */
		1E7ADA672CA0398B0023BDAD /* Debug */ = {
			isa = XCBuildConfiguration;
			buildSettings = {
				ALWAYS_SEARCH_USER_PATHS = NO;
				ASSETCATALOG_COMPILER_GENERATE_SWIFT_ASSET_SYMBOL_EXTENSIONS = YES;
				CLANG_ANALYZER_NONNULL = YES;
				CLANG_ANALYZER_NUMBER_OBJECT_CONVERSION = YES_AGGRESSIVE;
				CLANG_CXX_LANGUAGE_STANDARD = "gnu++20";
				CLANG_ENABLE_MODULES = YES;
				CLANG_ENABLE_OBJC_ARC = YES;
				CLANG_ENABLE_OBJC_WEAK = YES;
				CLANG_WARN_BLOCK_CAPTURE_AUTORELEASING = YES;
				CLANG_WARN_BOOL_CONVERSION = YES;
				CLANG_WARN_COMMA = YES;
				CLANG_WARN_CONSTANT_CONVERSION = YES;
				CLANG_WARN_DEPRECATED_OBJC_IMPLEMENTATIONS = YES;
				CLANG_WARN_DIRECT_OBJC_ISA_USAGE = YES_ERROR;
				CLANG_WARN_DOCUMENTATION_COMMENTS = YES;
				CLANG_WARN_EMPTY_BODY = YES;
				CLANG_WARN_ENUM_CONVERSION = YES;
				CLANG_WARN_INFINITE_RECURSION = YES;
				CLANG_WARN_INT_CONVERSION = YES;
				CLANG_WARN_NON_LITERAL_NULL_CONVERSION = YES;
				CLANG_WARN_OBJC_IMPLICIT_RETAIN_SELF = YES;
				CLANG_WARN_OBJC_LITERAL_CONVERSION = YES;
				CLANG_WARN_OBJC_ROOT_CLASS = YES_ERROR;
				CLANG_WARN_QUOTED_INCLUDE_IN_FRAMEWORK_HEADER = YES;
				CLANG_WARN_RANGE_LOOP_ANALYSIS = YES;
				CLANG_WARN_STRICT_PROTOTYPES = YES;
				CLANG_WARN_SUSPICIOUS_MOVE = YES;
				CLANG_WARN_UNGUARDED_AVAILABILITY = YES_AGGRESSIVE;
				CLANG_WARN_UNREACHABLE_CODE = YES;
				CLANG_WARN__DUPLICATE_METHOD_MATCH = YES;
				COPY_PHASE_STRIP = NO;
				DEBUG_INFORMATION_FORMAT = dwarf;
				ENABLE_STRICT_OBJC_MSGSEND = YES;
				ENABLE_TESTABILITY = YES;
				ENABLE_USER_SCRIPT_SANDBOXING = YES;
				GCC_C_LANGUAGE_STANDARD = gnu17;
				GCC_DYNAMIC_NO_PIC = NO;
				GCC_NO_COMMON_BLOCKS = YES;
				GCC_OPTIMIZATION_LEVEL = 0;
				GCC_PREPROCESSOR_DEFINITIONS = (
					"DEBUG=1",
					"$(inherited)",
				);
				GCC_WARN_64_TO_32_BIT_CONVERSION = YES;
				GCC_WARN_ABOUT_RETURN_TYPE = YES_ERROR;
				GCC_WARN_UNDECLARED_SELECTOR = YES;
				GCC_WARN_UNINITIALIZED_AUTOS = YES_AGGRESSIVE;
				GCC_WARN_UNUSED_FUNCTION = YES;
				GCC_WARN_UNUSED_VARIABLE = YES;
				IPHONEOS_DEPLOYMENT_TARGET = 17.5;
				LOCALIZATION_PREFERS_STRING_CATALOGS = YES;
				MTL_ENABLE_DEBUG_INFO = INCLUDE_SOURCE;
				MTL_FAST_MATH = YES;
				ONLY_ACTIVE_ARCH = YES;
				SDKROOT = iphoneos;
				SWIFT_ACTIVE_COMPILATION_CONDITIONS = "DEBUG $(inherited)";
				SWIFT_OPTIMIZATION_LEVEL = "-Onone";
			};
			name = Debug;
		};
		1E7ADA682CA0398B0023BDAD /* Release */ = {
			isa = XCBuildConfiguration;
			buildSettings = {
				ALWAYS_SEARCH_USER_PATHS = NO;
				ASSETCATALOG_COMPILER_GENERATE_SWIFT_ASSET_SYMBOL_EXTENSIONS = YES;
				CLANG_ANALYZER_NONNULL = YES;
				CLANG_ANALYZER_NUMBER_OBJECT_CONVERSION = YES_AGGRESSIVE;
				CLANG_CXX_LANGUAGE_STANDARD = "gnu++20";
				CLANG_ENABLE_MODULES = YES;
				CLANG_ENABLE_OBJC_ARC = YES;
				CLANG_ENABLE_OBJC_WEAK = YES;
				CLANG_WARN_BLOCK_CAPTURE_AUTORELEASING = YES;
				CLANG_WARN_BOOL_CONVERSION = YES;
				CLANG_WARN_COMMA = YES;
				CLANG_WARN_CONSTANT_CONVERSION = YES;
				CLANG_WARN_DEPRECATED_OBJC_IMPLEMENTATIONS = YES;
				CLANG_WARN_DIRECT_OBJC_ISA_USAGE = YES_ERROR;
				CLANG_WARN_DOCUMENTATION_COMMENTS = YES;
				CLANG_WARN_EMPTY_BODY = YES;
				CLANG_WARN_ENUM_CONVERSION = YES;
				CLANG_WARN_INFINITE_RECURSION = YES;
				CLANG_WARN_INT_CONVERSION = YES;
				CLANG_WARN_NON_LITERAL_NULL_CONVERSION = YES;
				CLANG_WARN_OBJC_IMPLICIT_RETAIN_SELF = YES;
				CLANG_WARN_OBJC_LITERAL_CONVERSION = YES;
				CLANG_WARN_OBJC_ROOT_CLASS = YES_ERROR;
				CLANG_WARN_QUOTED_INCLUDE_IN_FRAMEWORK_HEADER = YES;
				CLANG_WARN_RANGE_LOOP_ANALYSIS = YES;
				CLANG_WARN_STRICT_PROTOTYPES = YES;
				CLANG_WARN_SUSPICIOUS_MOVE = YES;
				CLANG_WARN_UNGUARDED_AVAILABILITY = YES_AGGRESSIVE;
				CLANG_WARN_UNREACHABLE_CODE = YES;
				CLANG_WARN__DUPLICATE_METHOD_MATCH = YES;
				COPY_PHASE_STRIP = NO;
				DEBUG_INFORMATION_FORMAT = "dwarf-with-dsym";
				ENABLE_NS_ASSERTIONS = NO;
				ENABLE_STRICT_OBJC_MSGSEND = YES;
				ENABLE_USER_SCRIPT_SANDBOXING = YES;
				GCC_C_LANGUAGE_STANDARD = gnu17;
				GCC_NO_COMMON_BLOCKS = YES;
				GCC_WARN_64_TO_32_BIT_CONVERSION = YES;
				GCC_WARN_ABOUT_RETURN_TYPE = YES_ERROR;
				GCC_WARN_UNDECLARED_SELECTOR = YES;
				GCC_WARN_UNINITIALIZED_AUTOS = YES_AGGRESSIVE;
				GCC_WARN_UNUSED_FUNCTION = YES;
				GCC_WARN_UNUSED_VARIABLE = YES;
				IPHONEOS_DEPLOYMENT_TARGET = 17.5;
				LOCALIZATION_PREFERS_STRING_CATALOGS = YES;
				MTL_ENABLE_DEBUG_INFO = NO;
				MTL_FAST_MATH = YES;
				SDKROOT = iphoneos;
				SWIFT_COMPILATION_MODE = wholemodule;
				VALIDATE_PRODUCT = YES;
			};
			name = Release;
		};
		1E7ADA6A2CA0398B0023BDAD /* Debug */ = {
			isa = XCBuildConfiguration;
			baseConfigurationReference = 902922E94B99D01504A63F1C /* Pods-WeatherDemo.debug.xcconfig */;
			buildSettings = {
				ASSETCATALOG_COMPILER_APPICON_NAME = AppIcon;
				ASSETCATALOG_COMPILER_GLOBAL_ACCENT_COLOR_NAME = AccentColor;
				CODE_SIGN_STYLE = Automatic;
				CURRENT_PROJECT_VERSION = 1;
				DEVELOPMENT_ASSET_PATHS = "\"WeatherDemo/Preview Content\"";
				DEVELOPMENT_TEAM = A5TNDRVJC6;
				ENABLE_PREVIEWS = YES;
				GENERATE_INFOPLIST_FILE = YES;
				INFOPLIST_KEY_UIApplicationSceneManifest_Generation = YES;
				INFOPLIST_KEY_UIApplicationSupportsIndirectInputEvents = YES;
				INFOPLIST_KEY_UILaunchScreen_Generation = YES;
				INFOPLIST_KEY_UISupportedInterfaceOrientations_iPad = "UIInterfaceOrientationPortrait UIInterfaceOrientationPortraitUpsideDown UIInterfaceOrientationLandscapeLeft UIInterfaceOrientationLandscapeRight";
				INFOPLIST_KEY_UISupportedInterfaceOrientations_iPhone = "UIInterfaceOrientationPortrait UIInterfaceOrientationLandscapeLeft UIInterfaceOrientationLandscapeRight";
				IPHONEOS_DEPLOYMENT_TARGET = 17.5;
				LD_RUNPATH_SEARCH_PATHS = (
					"$(inherited)",
					"@executable_path/Frameworks",
				);
				MARKETING_VERSION = 1.0;
				PRODUCT_BUNDLE_IDENTIFIER = whitehat4u.com.WeatherDemo;
				PRODUCT_NAME = "$(TARGET_NAME)";
				SWIFT_EMIT_LOC_STRINGS = YES;
				SWIFT_VERSION = 5.0;
				TARGETED_DEVICE_FAMILY = "1,2";
			};
			name = Debug;
		};
		1E7ADA6B2CA0398B0023BDAD /* Release */ = {
			isa = XCBuildConfiguration;
			baseConfigurationReference = EC29ECEDA8FB58A708DA5FFD /* Pods-WeatherDemo.release.xcconfig */;
			buildSettings = {
				ASSETCATALOG_COMPILER_APPICON_NAME = AppIcon;
				ASSETCATALOG_COMPILER_GLOBAL_ACCENT_COLOR_NAME = AccentColor;
				CODE_SIGN_STYLE = Automatic;
				CURRENT_PROJECT_VERSION = 1;
				DEVELOPMENT_ASSET_PATHS = "\"WeatherDemo/Preview Content\"";
				DEVELOPMENT_TEAM = A5TNDRVJC6;
				ENABLE_PREVIEWS = YES;
				GENERATE_INFOPLIST_FILE = YES;
				INFOPLIST_KEY_UIApplicationSceneManifest_Generation = YES;
				INFOPLIST_KEY_UIApplicationSupportsIndirectInputEvents = YES;
				INFOPLIST_KEY_UILaunchScreen_Generation = YES;
				INFOPLIST_KEY_UISupportedInterfaceOrientations_iPad = "UIInterfaceOrientationPortrait UIInterfaceOrientationPortraitUpsideDown UIInterfaceOrientationLandscapeLeft UIInterfaceOrientationLandscapeRight";
				INFOPLIST_KEY_UISupportedInterfaceOrientations_iPhone = "UIInterfaceOrientationPortrait UIInterfaceOrientationLandscapeLeft UIInterfaceOrientationLandscapeRight";
				IPHONEOS_DEPLOYMENT_TARGET = 17.5;
				LD_RUNPATH_SEARCH_PATHS = (
					"$(inherited)",
					"@executable_path/Frameworks",
				);
				MARKETING_VERSION = 1.0;
				PRODUCT_BUNDLE_IDENTIFIER = whitehat4u.com.WeatherDemo;
				PRODUCT_NAME = "$(TARGET_NAME)";
				SWIFT_EMIT_LOC_STRINGS = YES;
				SWIFT_VERSION = 5.0;
				TARGETED_DEVICE_FAMILY = "1,2";
			};
			name = Release;
		};
		1E7ADA6D2CA0398B0023BDAD /* Debug */ = {
			isa = XCBuildConfiguration;
			baseConfigurationReference = 7253481542A4C81C74A1C88B /* Pods-WeatherDemoTests.debug.xcconfig */;
			buildSettings = {
				ALWAYS_EMBED_SWIFT_STANDARD_LIBRARIES = YES;
				BUNDLE_LOADER = "$(TEST_HOST)";
				CODE_SIGN_STYLE = Automatic;
				CURRENT_PROJECT_VERSION = 1;
				DEVELOPMENT_TEAM = A5TNDRVJC6;
				GENERATE_INFOPLIST_FILE = YES;
				IPHONEOS_DEPLOYMENT_TARGET = 17.5;
				MARKETING_VERSION = 1.0;
				PRODUCT_BUNDLE_IDENTIFIER = whitehat4u.com.WeatherDemoTests;
				PRODUCT_NAME = "$(TARGET_NAME)";
				SWIFT_EMIT_LOC_STRINGS = NO;
				SWIFT_VERSION = 5.0;
				TARGETED_DEVICE_FAMILY = "1,2";
				TEST_HOST = "$(BUILT_PRODUCTS_DIR)/WeatherDemo.app/$(BUNDLE_EXECUTABLE_FOLDER_PATH)/WeatherDemo";
			};
			name = Debug;
		};
		1E7ADA6E2CA0398B0023BDAD /* Release */ = {
			isa = XCBuildConfiguration;
			baseConfigurationReference = C333138639CD97D98AC0F0C1 /* Pods-WeatherDemoTests.release.xcconfig */;
			buildSettings = {
				ALWAYS_EMBED_SWIFT_STANDARD_LIBRARIES = YES;
				BUNDLE_LOADER = "$(TEST_HOST)";
				CODE_SIGN_STYLE = Automatic;
				CURRENT_PROJECT_VERSION = 1;
				DEVELOPMENT_TEAM = A5TNDRVJC6;
				GENERATE_INFOPLIST_FILE = YES;
				IPHONEOS_DEPLOYMENT_TARGET = 17.5;
				MARKETING_VERSION = 1.0;
				PRODUCT_BUNDLE_IDENTIFIER = whitehat4u.com.WeatherDemoTests;
				PRODUCT_NAME = "$(TARGET_NAME)";
				SWIFT_EMIT_LOC_STRINGS = NO;
				SWIFT_VERSION = 5.0;
				TARGETED_DEVICE_FAMILY = "1,2";
				TEST_HOST = "$(BUILT_PRODUCTS_DIR)/WeatherDemo.app/$(BUNDLE_EXECUTABLE_FOLDER_PATH)/WeatherDemo";
			};
			name = Release;
		};
		1E7ADA702CA0398B0023BDAD /* Debug */ = {
			isa = XCBuildConfiguration;
			baseConfigurationReference = 2B2C9EE9FB823CDB90B34AE6 /* Pods-WeatherDemo-WeatherDemoUITests.debug.xcconfig */;
			buildSettings = {
				ALWAYS_EMBED_SWIFT_STANDARD_LIBRARIES = YES;
				CODE_SIGN_STYLE = Automatic;
				CURRENT_PROJECT_VERSION = 1;
				DEVELOPMENT_TEAM = A5TNDRVJC6;
				GENERATE_INFOPLIST_FILE = YES;
				MARKETING_VERSION = 1.0;
				PRODUCT_BUNDLE_IDENTIFIER = whitehat4u.com.WeatherDemoUITests;
				PRODUCT_NAME = "$(TARGET_NAME)";
				SWIFT_EMIT_LOC_STRINGS = NO;
				SWIFT_VERSION = 5.0;
				TARGETED_DEVICE_FAMILY = "1,2";
				TEST_TARGET_NAME = WeatherDemo;
			};
			name = Debug;
		};
		1E7ADA712CA0398B0023BDAD /* Release */ = {
			isa = XCBuildConfiguration;
			baseConfigurationReference = 2FA8912CBEB6C9D3562C175F /* Pods-WeatherDemo-WeatherDemoUITests.release.xcconfig */;
			buildSettings = {
				ALWAYS_EMBED_SWIFT_STANDARD_LIBRARIES = YES;
				CODE_SIGN_STYLE = Automatic;
				CURRENT_PROJECT_VERSION = 1;
				DEVELOPMENT_TEAM = A5TNDRVJC6;
				GENERATE_INFOPLIST_FILE = YES;
				MARKETING_VERSION = 1.0;
				PRODUCT_BUNDLE_IDENTIFIER = whitehat4u.com.WeatherDemoUITests;
				PRODUCT_NAME = "$(TARGET_NAME)";
				SWIFT_EMIT_LOC_STRINGS = NO;
				SWIFT_VERSION = 5.0;
				TARGETED_DEVICE_FAMILY = "1,2";
				TEST_TARGET_NAME = WeatherDemo;
			};
			name = Release;
		};
/* End XCBuildConfiguration section */

/* Begin XCConfigurationList section */
		1E7ADA402CA039890023BDAD /* Build configuration list for PBXProject "WeatherDemo" */ = {
			isa = XCConfigurationList;
			buildConfigurations = (
				1E7ADA672CA0398B0023BDAD /* Debug */,
				1E7ADA682CA0398B0023BDAD /* Release */,
			);
			defaultConfigurationIsVisible = 0;
			defaultConfigurationName = Release;
		};
		1E7ADA692CA0398B0023BDAD /* Build configuration list for PBXNativeTarget "WeatherDemo" */ = {
			isa = XCConfigurationList;
			buildConfigurations = (
				1E7ADA6A2CA0398B0023BDAD /* Debug */,
				1E7ADA6B2CA0398B0023BDAD /* Release */,
			);
			defaultConfigurationIsVisible = 0;
			defaultConfigurationName = Release;
		};
		1E7ADA6C2CA0398B0023BDAD /* Build configuration list for PBXNativeTarget "WeatherDemoTests" */ = {
			isa = XCConfigurationList;
			buildConfigurations = (
				1E7ADA6D2CA0398B0023BDAD /* Debug */,
				1E7ADA6E2CA0398B0023BDAD /* Release */,
			);
			defaultConfigurationIsVisible = 0;
			defaultConfigurationName = Release;
		};
		1E7ADA6F2CA0398B0023BDAD /* Build configuration list for PBXNativeTarget "WeatherDemoUITests" */ = {
			isa = XCConfigurationList;
			buildConfigurations = (
				1E7ADA702CA0398B0023BDAD /* Debug */,
				1E7ADA712CA0398B0023BDAD /* Release */,
			);
			defaultConfigurationIsVisible = 0;
			defaultConfigurationName = Release;
		};
/* End XCConfigurationList section */
	};
	rootObject = 1E7ADA3D2CA039890023BDAD /* Project object */;
}
